
Microsoft Visual Studio Solution File, Format Version 12.00
# Visual Studio Version 16
VisualStudioVersion = 16.0.32802.440
MinimumVisualStudioVersion = 10.0.40219.1
Project("{FAE04EC0-301F-11D3-BF4B-00C04F79EFBC}") = "KhareedLo", "Kahreedo\KhareedLo.csproj", "{27EA9351-4365-4D3F-BF48-260314FEF665}"
EndProject
Global
	GlobalSection(SolutionConfigurationPlatforms) = preSolution
		Debug|Any CPU = Debug|Any CPU
		Release|Any CPU = Release|Any CPU
	EndGlobalSection
	GlobalSection(ProjectConfigurationPlatforms) = postSolution
		{27EA9351-4365-4D3F-BF48-260314FEF665}.Debug|Any CPU.ActiveCfg = Debug|Any CPU
		{27EA9351-4365-4D3F-BF48-260314FEF665}.Debug|Any CPU.Build.0 = Debug|Any CPU
		{27EA9351-4365-4D3F-BF48-260314FEF665}.Release|Any CPU.ActiveCfg = Release|Any CPU
		{27EA9351-4365-4D3F-BF48-260314FEF665}.Release|Any CPU.Build.0 = Release|Any CPU
	EndGlobalSection
	GlobalSection(SolutionProperties) = preSolution
		HideSolutionNode = FALSE
	EndGlobalSection
	GlobalSection(ExtensibilityGlobals) = postSolution
		SolutionGuid = {34D713AD-F6EB-4A6B-924D-A1B56D5A6485}
	EndGlobalSection
EndGlobal
